<!doctype html>
<html lang="ro">
  <head>
    <meta charset="UTF-8" />
    <meta name="viewport" content="width=device-width, initial-scale=1.0" />
    <title>Chess Practice — Antrenament de șah offline cu Stockfish</title>
    <meta name="description" content="Chess Practice: joacă șah offline împotriva Stockfish pe trei niveluri și rezolvă puzzle-uri tactice. Proiect de atestat la informatică.">
    <meta name="author" content="Chess Practice" />
    <link rel="canonical" href="/" />

    
    
    <meta property="og:type" content="website" />
    <meta property="og:title" content="Chess Practice — Antrenament de șah offline cu Stockfish">
  <meta name="twitter:title" content="Chess Practice — Antrenament de șah offline cu Stockfish">
  <meta property="og:description" content="Chess Practice: joacă șah offline împotriva Stockfish pe trei niveluri și rezolvă puzzle-uri tactice. Proiect de atestat la informatică.">
  <meta name="twitter:description" content="Chess Practice: joacă șah offline împotriva Stockfish pe trei niveluri și rezolvă puzzle-uri tactice. Proiect de atestat la informatică.">
  <meta property="og:image" content="https://pub-bb2e103a32db4e198524a2e9ed8f35b4.r2.dev/f88abd91-4160-4190-994a-4101f491fa27/id-preview-e97b5125--e5565620-9b18-45a1-862f-7e33bc2371eb.lovable.app-1777485822685.png">
  <meta name="twitter:image" content="https://pub-bb2e103a32db4e198524a2e9ed8f35b4.r2.dev/f88abd91-4160-4190-994a-4101f491fa27/id-preview-e97b5125--e5565620-9b18-45a1-862f-7e33bc2371eb.lovable.app-1777485822685.png">
  <meta name="twitter:card" content="summary_large_image">
</head>
  <body>
    <div id="root"></div>
    <script type="module" src="/src/main.tsx"></script>
  </body>
</html>
